
Microsoft Visual Studio Solution File, Format Version 12.00
# Visual Studio 2012
Project("{FAE04EC0-301F-11D3-BF4B-00C04F79EFBC}") = "FluentPro.FluentPS", "FluentPro.FluentPS\FluentPro.FluentPS.csproj", "{27608FFD-72E4-4C14-99C0-36392A30C11A}"
EndProject
Project("{FAE04EC0-301F-11D3-BF4B-00C04F79EFBC}") = "FluentPro.FluentSP", "FluentPro.FluentSP\FluentPro.FluentSP.csproj", "{F40B7601-92BC-40CC-88AA-A1EF45D362EC}"
EndProject
Project("{FAE04EC0-301F-11D3-BF4B-00C04F79EFBC}") = "FluentPro.FluentPS.Contracts", "FluentPro.FluentPS.Contracts\FluentPro.FluentPS.Contracts.csproj", "{459F522C-FEC0-4175-BB39-147644ACF858}"
EndProject
Project("{FAE04EC0-301F-11D3-BF4B-00C04F79EFBC}") = "FluentPro.FluentPS.Psi", "FluentPro.FluentPS.Proxy\FluentPro.FluentPS.Psi.csproj", "{29333D2C-C3B4-4DF3-BA01-8E0592A7AA6F}"
EndProject
Project("{FAE04EC0-301F-11D3-BF4B-00C04F79EFBC}") = "FluentPro.FluentPS.Psi.Tests", "FluentPro.FluentPS.Proxy.Tests\FluentPro.FluentPS.Psi.Tests.csproj", "{47D7DC8F-31A8-4557-91B2-838CE05CFF6C}"
EndProject
Project("{FAE04EC0-301F-11D3-BF4B-00C04F79EFBC}") = "FluentPro.FluentPS.Pj", "FluentPro.FluentPS.Pj\FluentPro.FluentPS.Pj.csproj", "{5FC71615-4CA8-494D-9070-9472D6F2123A}"
EndProject
Global
	GlobalSection(SolutionConfigurationPlatforms) = preSolution
		Debug|Any CPU = Debug|Any CPU
		Release|Any CPU = Release|Any CPU
	EndGlobalSection
	GlobalSection(ProjectConfigurationPlatforms) = postSolution
		{27608FFD-72E4-4C14-99C0-36392A30C11A}.Debug|Any CPU.ActiveCfg = Debug|Any CPU
		{27608FFD-72E4-4C14-99C0-36392A30C11A}.Debug|Any CPU.Build.0 = Debug|Any CPU
		{27608FFD-72E4-4C14-99C0-36392A30C11A}.Release|Any CPU.ActiveCfg = Release|Any CPU
		{27608FFD-72E4-4C14-99C0-36392A30C11A}.Release|Any CPU.Build.0 = Release|Any CPU
		{F40B7601-92BC-40CC-88AA-A1EF45D362EC}.Debug|Any CPU.ActiveCfg = Debug|Any CPU
		{F40B7601-92BC-40CC-88AA-A1EF45D362EC}.Debug|Any CPU.Build.0 = Debug|Any CPU
		{F40B7601-92BC-40CC-88AA-A1EF45D362EC}.Release|Any CPU.ActiveCfg = Release|Any CPU
		{F40B7601-92BC-40CC-88AA-A1EF45D362EC}.Release|Any CPU.Build.0 = Release|Any CPU
		{459F522C-FEC0-4175-BB39-147644ACF858}.Debug|Any CPU.ActiveCfg = Debug|Any CPU
		{459F522C-FEC0-4175-BB39-147644ACF858}.Debug|Any CPU.Build.0 = Debug|Any CPU
		{459F522C-FEC0-4175-BB39-147644ACF858}.Release|Any CPU.ActiveCfg = Release|Any CPU
		{459F522C-FEC0-4175-BB39-147644ACF858}.Release|Any CPU.Build.0 = Release|Any CPU
		{29333D2C-C3B4-4DF3-BA01-8E0592A7AA6F}.Debug|Any CPU.ActiveCfg = Debug|Any CPU
		{29333D2C-C3B4-4DF3-BA01-8E0592A7AA6F}.Debug|Any CPU.Build.0 = Debug|Any CPU
		{29333D2C-C3B4-4DF3-BA01-8E0592A7AA6F}.Release|Any CPU.ActiveCfg = Release|Any CPU
		{29333D2C-C3B4-4DF3-BA01-8E0592A7AA6F}.Release|Any CPU.Build.0 = Release|Any CPU
		{47D7DC8F-31A8-4557-91B2-838CE05CFF6C}.Debug|Any CPU.ActiveCfg = Debug|Any CPU
		{47D7DC8F-31A8-4557-91B2-838CE05CFF6C}.Debug|Any CPU.Build.0 = Debug|Any CPU
		{47D7DC8F-31A8-4557-91B2-838CE05CFF6C}.Release|Any CPU.ActiveCfg = Release|Any CPU
		{47D7DC8F-31A8-4557-91B2-838CE05CFF6C}.Release|Any CPU.Build.0 = Release|Any CPU
		{5FC71615-4CA8-494D-9070-9472D6F2123A}.Debug|Any CPU.ActiveCfg = Debug|Any CPU
		{5FC71615-4CA8-494D-9070-9472D6F2123A}.Debug|Any CPU.Build.0 = Debug|Any CPU
		{5FC71615-4CA8-494D-9070-9472D6F2123A}.Release|Any CPU.ActiveCfg = Release|Any CPU
		{5FC71615-4CA8-494D-9070-9472D6F2123A}.Release|Any CPU.Build.0 = Release|Any CPU
	EndGlobalSection
	GlobalSection(SolutionProperties) = preSolution
		HideSolutionNode = FALSE
	EndGlobalSection
EndGlobal
