
Microsoft Visual Studio Solution File, Format Version 12.00
# Visual Studio 2012
Project("{FAE04EC0-301F-11D3-BF4B-00C04F79EFBC}") = "FluentPro.FluentPS", "FluentPro.FluentPS\FluentPro.FluentPS.csproj", "{27608FFD-72E4-4C14-99C0-36392A30C11A}"
EndProject
Project("{FAE04EC0-301F-11D3-BF4B-00C04F79EFBC}") = "FluentPro.FluentPS.Psi.Tests", "FluentPro.FluentPS.Psi.Tests\FluentPro.FluentPS.Psi.Tests.csproj", "{205A7318-AA75-43F0-BB08-E00CDFD010D7}"
EndProject
Project("{FAE04EC0-301F-11D3-BF4B-00C04F79EFBC}") = "FluentPro.FluentPS.Psi", "FluentPro.FluentPS.Psi\FluentPro.FluentPS.Psi.csproj", "{29333D2C-C3B4-4DF3-BA01-8E0592A7AA6F}"
EndProject
Project("{2150E333-8FDC-42A3-9474-1A3956D46DE8}") = ".nuget", ".nuget", "{5AD0E6D4-E31C-45DE-BB67-C441B54B5BD5}"
	ProjectSection(SolutionItems) = preProject
		.nuget\NuGet.Config = .nuget\NuGet.Config
		.nuget\NuGet.exe = .nuget\NuGet.exe
		.nuget\NuGet.targets = .nuget\NuGet.targets
		.nuget\packages.config = .nuget\packages.config
	EndProjectSection
EndProject
Project("{FAE04EC0-301F-11D3-BF4B-00C04F79EFBC}") = "FluentPro.FluentPS.Tests", "FluentPro.FluentPS.Tests\FluentPro.FluentPS.Tests.csproj", "{89356D33-D92B-43D0-80B2-8B10199D9356}"
EndProject
Project("{2150E333-8FDC-42A3-9474-1A3956D46DE8}") = "FluentPS", "FluentPS", "{8CCF4BC5-932E-4708-BD69-9FBE091F80D2}"
EndProject
Project("{2150E333-8FDC-42A3-9474-1A3956D46DE8}") = "FluentPS.Psi", "FluentPS.Psi", "{32B6B3BC-DD9F-4AA2-9714-5F90A74FA6C2}"
EndProject
Project("{2150E333-8FDC-42A3-9474-1A3956D46DE8}") = "Utils", "Utils", "{EA0C3F66-C959-44E3-AA82-4A9DCC381B56}"
EndProject
Project("{FAE04EC0-301F-11D3-BF4B-00C04F79EFBC}") = "FluentPro.FluentPS.CodeGenerator", "Utils\FluentPro.FluentPS.CodeGenerator\FluentPro.FluentPS.CodeGenerator.csproj", "{AEA84FA9-39DC-47E2-A6F8-CD0F5F97A22E}"
EndProject
Project("{FAE04EC0-301F-11D3-BF4B-00C04F79EFBC}") = "FluentPro.Common.Mapper", "FluentPro.Common.Mapper\FluentPro.Common.Mapper.csproj", "{ACFD08EE-684E-4158-8502-D3AE7A635FE9}"
EndProject
Project("{2150E333-8FDC-42A3-9474-1A3956D46DE8}") = "Common", "Common", "{FC39F06C-B89C-450F-8D23-C0A7E829F57A}"
EndProject
Project("{FAE04EC0-301F-11D3-BF4B-00C04F79EFBC}") = "FluentPro.Common.Mapper.Tests", "FluentPro.Common.Mapper.Tests\FluentPro.Common.Mapper.Tests.csproj", "{F5551897-C53B-49A5-9388-EA964496BC36}"
EndProject
Global
	GlobalSection(SolutionConfigurationPlatforms) = preSolution
		Debug|Any CPU = Debug|Any CPU
		Release|Any CPU = Release|Any CPU
	EndGlobalSection
	GlobalSection(ProjectConfigurationPlatforms) = postSolution
		{27608FFD-72E4-4C14-99C0-36392A30C11A}.Debug|Any CPU.ActiveCfg = Debug|Any CPU
		{27608FFD-72E4-4C14-99C0-36392A30C11A}.Debug|Any CPU.Build.0 = Debug|Any CPU
		{27608FFD-72E4-4C14-99C0-36392A30C11A}.Release|Any CPU.ActiveCfg = Release|Any CPU
		{27608FFD-72E4-4C14-99C0-36392A30C11A}.Release|Any CPU.Build.0 = Release|Any CPU
		{205A7318-AA75-43F0-BB08-E00CDFD010D7}.Debug|Any CPU.ActiveCfg = Debug|Any CPU
		{205A7318-AA75-43F0-BB08-E00CDFD010D7}.Debug|Any CPU.Build.0 = Debug|Any CPU
		{205A7318-AA75-43F0-BB08-E00CDFD010D7}.Release|Any CPU.ActiveCfg = Release|Any CPU
		{205A7318-AA75-43F0-BB08-E00CDFD010D7}.Release|Any CPU.Build.0 = Release|Any CPU
		{29333D2C-C3B4-4DF3-BA01-8E0592A7AA6F}.Debug|Any CPU.ActiveCfg = Debug|Any CPU
		{29333D2C-C3B4-4DF3-BA01-8E0592A7AA6F}.Debug|Any CPU.Build.0 = Debug|Any CPU
		{29333D2C-C3B4-4DF3-BA01-8E0592A7AA6F}.Release|Any CPU.ActiveCfg = Release|Any CPU
		{29333D2C-C3B4-4DF3-BA01-8E0592A7AA6F}.Release|Any CPU.Build.0 = Release|Any CPU
		{89356D33-D92B-43D0-80B2-8B10199D9356}.Debug|Any CPU.ActiveCfg = Debug|Any CPU
		{89356D33-D92B-43D0-80B2-8B10199D9356}.Debug|Any CPU.Build.0 = Debug|Any CPU
		{89356D33-D92B-43D0-80B2-8B10199D9356}.Release|Any CPU.ActiveCfg = Release|Any CPU
		{89356D33-D92B-43D0-80B2-8B10199D9356}.Release|Any CPU.Build.0 = Release|Any CPU
		{AEA84FA9-39DC-47E2-A6F8-CD0F5F97A22E}.Debug|Any CPU.ActiveCfg = Debug|Any CPU
		{AEA84FA9-39DC-47E2-A6F8-CD0F5F97A22E}.Debug|Any CPU.Build.0 = Debug|Any CPU
		{AEA84FA9-39DC-47E2-A6F8-CD0F5F97A22E}.Release|Any CPU.ActiveCfg = Release|Any CPU
		{AEA84FA9-39DC-47E2-A6F8-CD0F5F97A22E}.Release|Any CPU.Build.0 = Release|Any CPU
		{ACFD08EE-684E-4158-8502-D3AE7A635FE9}.Debug|Any CPU.ActiveCfg = Debug|Any CPU
		{ACFD08EE-684E-4158-8502-D3AE7A635FE9}.Debug|Any CPU.Build.0 = Debug|Any CPU
		{ACFD08EE-684E-4158-8502-D3AE7A635FE9}.Release|Any CPU.ActiveCfg = Release|Any CPU
		{ACFD08EE-684E-4158-8502-D3AE7A635FE9}.Release|Any CPU.Build.0 = Release|Any CPU
		{F5551897-C53B-49A5-9388-EA964496BC36}.Debug|Any CPU.ActiveCfg = Debug|Any CPU
		{F5551897-C53B-49A5-9388-EA964496BC36}.Debug|Any CPU.Build.0 = Debug|Any CPU
		{F5551897-C53B-49A5-9388-EA964496BC36}.Release|Any CPU.ActiveCfg = Release|Any CPU
		{F5551897-C53B-49A5-9388-EA964496BC36}.Release|Any CPU.Build.0 = Release|Any CPU
	EndGlobalSection
	GlobalSection(SolutionProperties) = preSolution
		HideSolutionNode = FALSE
	EndGlobalSection
	GlobalSection(NestedProjects) = preSolution
		{89356D33-D92B-43D0-80B2-8B10199D9356} = {8CCF4BC5-932E-4708-BD69-9FBE091F80D2}
		{27608FFD-72E4-4C14-99C0-36392A30C11A} = {8CCF4BC5-932E-4708-BD69-9FBE091F80D2}
		{29333D2C-C3B4-4DF3-BA01-8E0592A7AA6F} = {32B6B3BC-DD9F-4AA2-9714-5F90A74FA6C2}
		{205A7318-AA75-43F0-BB08-E00CDFD010D7} = {32B6B3BC-DD9F-4AA2-9714-5F90A74FA6C2}
		{AEA84FA9-39DC-47E2-A6F8-CD0F5F97A22E} = {EA0C3F66-C959-44E3-AA82-4A9DCC381B56}
		{ACFD08EE-684E-4158-8502-D3AE7A635FE9} = {FC39F06C-B89C-450F-8D23-C0A7E829F57A}
		{F5551897-C53B-49A5-9388-EA964496BC36} = {FC39F06C-B89C-450F-8D23-C0A7E829F57A}
	EndGlobalSection
EndGlobal
